// !$*UTF8*$!
{
	archiveVersion = 1;
	classes = {
	};
	objectVersion = 56;
	objects = {

/* Begin PBXBuildFile section */
		3D1234567890ABCD /* AppDelegate.swift in Sources */ = {isa = PBXBuildFile; fileRef = 3D1234567890ABCC /* AppDelegate.swift */; };
		3D1234567890ABCE /* ContentView.swift in Sources */ = {isa = PBXBuildFile; fileRef = 3D1234567890ABCD /* ContentView.swift */; };
		3D1234567890ABCF /* BallDetectionResult.swift in Sources */ = {isa = PBXBuildFile; fileRef = 3D1234567890ABCE /* BallDetectionResult.swift */; };
		3D1234567890ABD0 /* TrackingState.swift in Sources */ = {isa = PBXBuildFile; fileRef = 3D1234567890ABCF /* TrackingState.swift */; };
		3D1234567890ABD1 /* BallDetectionResultTests.swift in Sources */ = {isa = PBXBuildFile; fileRef = 3D1234567890ABD0 /* BallDetectionResultTests.swift */; };
		3D1234567890ABD2 /* TrackingStateTests.swift in Sources */ = {isa = PBXBuildFile; fileRef = 3D1234567890ABD1 /* TrackingStateTests.swift */; };
		3D1234567890ABD3 /* Assets.xcassets in Resources */ = {isa = PBXBuildFile; fileRef = 3D1234567890ABD2 /* Assets.xcassets */; };
/* End PBXBuildFile section */

/* Begin PBXFileReference section */
		3D1234567890ABC9 /* CueDot.app */ = {isa = PBXFileReference; explicitFileType = wrapper.application; includeInIndex = 0; path = CueDot.app; sourceTree = BUILT_PRODUCTS_DIR; };
		3D1234567890ABCC /* AppDelegate.swift */ = {isa = PBXFileReference; lastKnownFileType = sourcecode.swift; path = AppDelegate.swift; sourceTree = "<group>"; };
		3D1234567890ABCD /* ContentView.swift */ = {isa = PBXFileReference; lastKnownFileType = sourcecode.swift; path = ContentView.swift; sourceTree = "<group>"; };
		3D1234567890ABCE /* BallDetectionResult.swift */ = {isa = PBXFileReference; lastKnownFileType = sourcecode.swift; path = BallDetectionResult.swift; sourceTree = "<group>"; };
		3D1234567890ABCF /* TrackingState.swift */ = {isa = PBXFileReference; lastKnownFileType = sourcecode.swift; path = TrackingState.swift; sourceTree = "<group>"; };
		3D1234567890ABD0 /* BallDetectionResultTests.swift */ = {isa = PBXFileReference; lastKnownFileType = sourcecode.swift; path = BallDetectionResultTests.swift; sourceTree = "<group>"; };
		3D1234567890ABD1 /* TrackingStateTests.swift */ = {isa = PBXFileReference; lastKnownFileType = sourcecode.swift; path = TrackingStateTests.swift; sourceTree = "<group>"; };
		3D1234567890ABD2 /* Assets.xcassets */ = {isa = PBXFileReference; lastKnownFileType = folder.assetcatalog; path = Assets.xcassets; sourceTree = "<group>"; };
		3D1234567890ABD4 /* Info.plist */ = {isa = PBXFileReference; lastKnownFileType = text.plist.xml; path = Info.plist; sourceTree = "<group>"; };
		3D1234567890ABD5 /* CueDotTests.xctest */ = {isa = PBXFileReference; explicitFileType = wrapper.cfbundle; includeInIndex = 0; path = CueDotTests.xctest; sourceTree = BUILT_PRODUCTS_DIR; };
/* End PBXFileReference section */

/* Begin PBXFrameworksBuildPhase section */
		3D1234567890ABC6 /* Frameworks */ = {
			isa = PBXFrameworksBuildPhase;
			buildActionMask = 2147483647;
			files = (
			);
			runOnlyForDeploymentPostprocessing = 0;
		};
		3D1234567890ABD6 /* Frameworks */ = {
			isa = PBXFrameworksBuildPhase;
			buildActionMask = 2147483647;
			files = (
			);
			runOnlyForDeploymentPostprocessing = 0;
		};
/* End PBXFrameworksBuildPhase section */

/* Begin PBXGroup section */
		3D1234567890ABC0 = {
			isa = PBXGroup;
			children = (
				3D1234567890ABCB /* CueDot */,
				3D1234567890ABD7 /* Tests */,
				3D1234567890ABCA /* Products */,
			);
			sourceTree = "<group>";
		};
		3D1234567890ABCA /* Products */ = {
			isa = PBXGroup;
			children = (
				3D1234567890ABC9 /* CueDot.app */,
				3D1234567890ABD5 /* CueDotTests.xctest */,
			);
			name = Products;
			sourceTree = "<group>";
		};
		3D1234567890ABCB /* CueDot */ = {
			isa = PBXGroup;
			children = (
				3D1234567890ABCC /* AppDelegate.swift */,
				3D1234567890ABCD /* ContentView.swift */,
				3D1234567890ABD8 /* Models */,
				3D1234567890ABD9 /* Vision */,
				3D1234567890ABDA /* AR */,
				3D1234567890ABDB /* UI */,
				3D1234567890ABDC /* Core */,
				3D1234567890ABD2 /* Assets.xcassets */,
				3D1234567890ABD4 /* Info.plist */,
			);
			path = CueDot;
			sourceTree = "<group>";
		};
		3D1234567890ABD7 /* Tests */ = {
			isa = PBXGroup;
			children = (
				3D1234567890ABD0 /* BallDetectionResultTests.swift */,
				3D1234567890ABD1 /* TrackingStateTests.swift */,
			);
			path = Tests;
			sourceTree = "<group>";
		};
		3D1234567890ABD8 /* Models */ = {
			isa = PBXGroup;
			children = (
				3D1234567890ABCE /* BallDetectionResult.swift */,
				3D1234567890ABCF /* TrackingState.swift */,
			);
			path = Models;
			sourceTree = "<group>";
		};
		3D1234567890ABD9 /* Vision */ = {
			isa = PBXGroup;
			children = (
			);
			path = Vision;
			sourceTree = "<group>";
		};
		3D1234567890ABDA /* AR */ = {
			isa = PBXGroup;
			children = (
			);
			path = AR;
			sourceTree = "<group>";
		};
		3D1234567890ABDB /* UI */ = {
			isa = PBXGroup;
			children = (
			);
			path = UI;
			sourceTree = "<group>";
		};
		3D1234567890ABDC /* Core */ = {
			isa = PBXGroup;
			children = (
			);
			path = Core;
			sourceTree = "<group>";
		};
/* End PBXGroup section */

/* Begin PBXNativeTarget section */
		3D1234567890ABC8 /* CueDot */ = {
			isa = PBXNativeTarget;
			buildConfigurationList = 3D1234567890ABD3 /* Build configuration list for PBXNativeTarget "CueDot" */;
			buildPhases = (
				3D1234567890ABC5 /* Sources */,
				3D1234567890ABC6 /* Frameworks */,
				3D1234567890ABC7 /* Resources */,
			);
			buildRules = (
			);
			dependencies = (
			);
			name = CueDot;
			productName = CueDot;
			productReference = 3D1234567890ABC9 /* CueDot.app */;
			productType = "com.apple.product-type.application";
		};
		3D1234567890ABD4 /* CueDotTests */ = {
			isa = PBXNativeTarget;
			buildConfigurationList = 3D1234567890ABD6 /* Build configuration list for PBXNativeTarget "CueDotTests" */;
			buildPhases = (
				3D1234567890ABD3 /* Sources */,
				3D1234567890ABD6 /* Frameworks */,
				3D1234567890ABD5 /* Resources */,
			);
			buildRules = (
			);
			dependencies = (
				3D1234567890ABD7 /* PBXTargetDependency */,
			);
			name = CueDotTests;
			productName = CueDotTests;
			productReference = 3D1234567890ABD5 /* CueDotTests.xctest */;
			productType = "com.apple.product-type.bundle.unit-test";
		};
/* End PBXNativeTarget section */

/* Begin PBXProject section */
		3D1234567890ABC1 /* Project object */ = {
			isa = PBXProject;
			attributes = {
				BuildIndependentTargetsInParallel = 1;
				LastSwiftUpdateCheck = 1500;
				LastUpgradeCheck = 1500;
				TargetAttributes = {
					3D1234567890ABC8 = {
						CreatedOnToolsVersion = 15.0;
					};
					3D1234567890ABD4 = {
						CreatedOnToolsVersion = 15.0;
						TestTargetID = 3D1234567890ABC8;
					};
				};
			};
			buildConfigurationList = 3D1234567890ABC4 /* Build configuration list for PBXProject "CueDot" */;
			compatibilityVersion = "Xcode 14.0";
			developmentRegion = en;
			hasScannedForEncodings = 0;
			knownRegions = (
				en,
				Base,
			);
			mainGroup = 3D1234567890ABC0;
			productRefGroup = 3D1234567890ABCA /* Products */;
			projectDirPath = "";
			projectRoot = "";
			targets = (
				3D1234567890ABC8 /* CueDot */,
				3D1234567890ABD4 /* CueDotTests */,
			);
		};
/* End PBXProject section */

/* Begin PBXResourcesBuildPhase section */
		3D1234567890ABC7 /* Resources */ = {
			isa = PBXResourcesBuildPhase;
			buildActionMask = 2147483647;
			files = (
				3D1234567890ABD3 /* Assets.xcassets in Resources */,
			);
			runOnlyForDeploymentPostprocessing = 0;
		};
		3D1234567890ABD5 /* Resources */ = {
			isa = PBXResourcesBuildPhase;
			buildActionMask = 2147483647;
			files = (
			);
			runOnlyForDeploymentPostprocessing = 0;
		};
/* End PBXResourcesBuildPhase section */

/* Begin PBXSourcesBuildPhase section */
		3D1234567890ABC5 /* Sources */ = {
			isa = PBXSourcesBuildPhase;
			buildActionMask = 2147483647;
			files = (
				3D1234567890ABCE /* ContentView.swift in Sources */,
				3D1234567890ABCD /* AppDelegate.swift in Sources */,
				3D1234567890ABCF /* BallDetectionResult.swift in Sources */,
				3D1234567890ABD0 /* TrackingState.swift in Sources */,
			);
			runOnlyForDeploymentPostprocessing = 0;
		};
		3D1234567890ABD3 /* Sources */ = {
			isa = PBXSourcesBuildPhase;
			buildActionMask = 2147483647;
			files = (
				3D1234567890ABD1 /* BallDetectionResultTests.swift in Sources */,
				3D1234567890ABD2 /* TrackingStateTests.swift in Sources */,
			);
			runOnlyForDeploymentPostprocessing = 0;
		};
/* End PBXSourcesBuildPhase section */

/* Begin PBXTargetDependency section */
		3D1234567890ABD7 /* PBXTargetDependency */ = {
			isa = PBXTargetDependency;
			target = 3D1234567890ABC8 /* CueDot */;
			targetProxy = 3D1234567890ABD8 /* PBXContainerItemProxy */;
		};
/* End PBXTargetDependency section */

/* Begin XCBuildConfiguration section */
		3D1234567890ABC2 /* Debug */ = {
			isa = XCBuildConfiguration;
			buildSettings = {
				ALWAYS_SEARCH_USER_PATHS = NO;
				ASSETCATALOG_COMPILER_GENERATE_SWIFT_ASSET_SYMBOL_EXTENSIONS = YES;
				CLANG_ANALYZER_NONNULL = YES;
				CLANG_ANALYZER_NUMBER_OBJECT_CONVERSION = YES_AGGRESSIVE;
				CLANG_CXX_LANGUAGE_STANDARD = "gnu++20";
				CLANG_ENABLE_MODULES = YES;
				CLANG_ENABLE_OBJC_ARC = YES;
				CLANG_ENABLE_OBJC_WEAK = YES;
				CLANG_WARN_BLOCK_CAPTURE_AUTORELEASING = YES;
				CLANG_WARN_BOOL_CONVERSION = YES;
				CLANG_WARN_COMMA = YES;
				CLANG_WARN_CONSTANT_CONVERSION = YES;
				CLANG_WARN_DEPRECATED_OBJC_IMPLEMENTATIONS = YES;
				CLANG_WARN_DIRECT_OBJC_ISA_USAGE = YES_ERROR;
				CLANG_WARN_DOCUMENTATION_COMMENTS = YES;
				CLANG_WARN_EMPTY_BODY = YES;
				CLANG_WARN_ENUM_CONVERSION = YES;
				CLANG_WARN_INFINITE_RECURSION = YES;
				CLANG_WARN_INT_CONVERSION = YES;
				CLANG_WARN_NON_LITERAL_NULL_CONVERSION = YES;
				CLANG_WARN_OBJC_IMPLICIT_RETAIN_SELF = YES;
				CLANG_WARN_OBJC_LITERAL_CONVERSION = YES;
				CLANG_WARN_OBJC_ROOT_CLASS = YES_ERROR;
				CLANG_WARN_QUOTED_INCLUDE_IN_FRAMEWORK_HEADER = YES;
				CLANG_WARN_RANGE_LOOP_ANALYSIS = YES;
				CLANG_WARN_STRICT_PROTOTYPES = YES;
				CLANG_WARN_SUSPICIOUS_MOVE = YES;
				CLANG_WARN_UNGUARDED_AVAILABILITY = YES_AGGRESSIVE;
				CLANG_WARN_UNREACHABLE_CODE = YES;
				CLANG_WARN__DUPLICATE_METHOD_MATCH = YES;
				COPY_PHASE_STRIP = NO;
				DEBUG_INFORMATION_FORMAT = dwarf;
				ENABLE_STRICT_OBJC_MSGSEND = YES;
				ENABLE_TESTABILITY = YES;
				ENABLE_USER_SCRIPT_SANDBOXING = YES;
				GCC_C_LANGUAGE_STANDARD = gnu17;
				GCC_DYNAMIC_NO_PIC = NO;
				GCC_NO_COMMON_BLOCKS = YES;
				GCC_OPTIMIZATION_LEVEL = 0;
				GCC_PREPROCESSOR_DEFINITIONS = (
					"DEBUG=1",
					"$(inherited)",
				);
				GCC_WARN_64_TO_32_BIT_CONVERSION = YES;
				GCC_WARN_ABOUT_RETURN_TYPE = YES_ERROR;
				GCC_WARN_UNDECLARED_SELECTOR = YES;
				GCC_WARN_UNINITIALIZED_AUTOS = YES_AGGRESSIVE;
				GCC_WARN_UNUSED_FUNCTION = YES;
				GCC_WARN_UNUSED_VARIABLE = YES;
				IPHONEOS_DEPLOYMENT_TARGET = 17.0;
				LOCALIZATION_PREFERS_STRING_CATALOGS = YES;
				MTL_ENABLE_DEBUG_INFO = INCLUDE_SOURCE;
				MTL_FAST_MATH = YES;
				ONLY_ACTIVE_ARCH = YES;
				SDKROOT = iphoneos;
				SWIFT_ACTIVE_COMPILATION_CONDITIONS = "DEBUG $(inherited)";
				SWIFT_OPTIMIZATION_LEVEL = "-Onone";
				SWIFT_VERSION = 5.0;
			};
			name = Debug;
		};
		3D1234567890ABC3 /* Release */ = {
			isa = XCBuildConfiguration;
			buildSettings = {
				ALWAYS_SEARCH_USER_PATHS = NO;
				ASSETCATALOG_COMPILER_GENERATE_SWIFT_ASSET_SYMBOL_EXTENSIONS = YES;
				CLANG_ANALYZER_NONNULL = YES;
				CLANG_ANALYZER_NUMBER_OBJECT_CONVERSION = YES_AGGRESSIVE;
				CLANG_CXX_LANGUAGE_STANDARD = "gnu++20";
				CLANG_ENABLE_MODULES = YES;
				CLANG_ENABLE_OBJC_ARC = YES;
				CLANG_ENABLE_OBJC_WEAK = YES;
				CLANG_WARN_BLOCK_CAPTURE_AUTORELEASING = YES;
				CLANG_WARN_BOOL_CONVERSION = YES;
				CLANG_WARN_COMMA = YES;
				CLANG_WARN_CONSTANT_CONVERSION = YES;
				CLANG_WARN_DEPRECATED_OBJC_IMPLEMENTATIONS = YES;
				CLANG_WARN_DIRECT_OBJC_ISA_USAGE = YES_ERROR;
				CLANG_WARN_DOCUMENTATION_COMMENTS = YES;
				CLANG_WARN_EMPTY_BODY = YES;
				CLANG_WARN_ENUM_CONVERSION = YES;
				CLANG_WARN_INFINITE_RECURSION = YES;
				CLANG_WARN_INT_CONVERSION = YES;
				CLANG_WARN_NON_LITERAL_NULL_CONVERSION = YES;
				CLANG_WARN_OBJC_IMPLICIT_RETAIN_SELF = YES;
				CLANG_WARN_OBJC_LITERAL_CONVERSION = YES;
				CLANG_WARN_OBJC_ROOT_CLASS = YES_ERROR;
				CLANG_WARN_QUOTED_INCLUDE_IN_FRAMEWORK_HEADER = YES;
				CLANG_WARN_RANGE_LOOP_ANALYSIS = YES;
				CLANG_WARN_STRICT_PROTOTYPES = YES;
				CLANG_WARN_SUSPICIOUS_MOVE = YES;
				CLANG_WARN_UNGUARDED_AVAILABILITY = YES_AGGRESSIVE;
				CLANG_WARN_UNREACHABLE_CODE = YES;
				CLANG_WARN__DUPLICATE_METHOD_MATCH = YES;
				COPY_PHASE_STRIP = NO;
				DEBUG_INFORMATION_FORMAT = "dwarf-with-dsym";
				ENABLE_NS_ASSERTIONS = NO;
				ENABLE_STRICT_OBJC_MSGSEND = YES;
				ENABLE_USER_SCRIPT_SANDBOXING = YES;
				GCC_C_LANGUAGE_STANDARD = gnu17;
				GCC_NO_COMMON_BLOCKS = YES;
				GCC_WARN_64_TO_32_BIT_CONVERSION = YES;
				GCC_WARN_ABOUT_RETURN_TYPE = YES_ERROR;
				GCC_WARN_UNDECLARED_SELECTOR = YES;
				GCC_WARN_UNINITIALIZED_AUTOS = YES_AGGRESSIVE;
				GCC_WARN_UNUSED_FUNCTION = YES;
				GCC_WARN_UNUSED_VARIABLE = YES;
				IPHONEOS_DEPLOYMENT_TARGET = 17.0;
				LOCALIZATION_PREFERS_STRING_CATALOGS = YES;
				MTL_ENABLE_DEBUG_INFO = NO;
				MTL_FAST_MATH = YES;
				SDKROOT = iphoneos;
				SWIFT_COMPILATION_MODE = wholemodule;
				SWIFT_VERSION = 5.0;
				VALIDATE_PRODUCT = YES;
			};
			name = Release;
		};
		3D1234567890ABC5 /* Debug */ = {
			isa = XCBuildConfiguration;
			buildSettings = {
				ASSETCATALOG_COMPILER_APPICON_NAME = AppIcon;
				ASSETCATALOG_COMPILER_GLOBAL_ACCENT_COLOR_NAME = AccentColor;
				CODE_SIGN_STYLE = Automatic;
				CURRENT_PROJECT_VERSION = 1;
				DEVELOPMENT_TEAM = "";
				GENERATE_INFOPLIST_FILE = YES;
				INFOPLIST_FILE = CueDot/Info.plist;
				INFOPLIST_KEY_NSArKitUsageDescription = "This app uses AR to detect cue balls and provide alignment assistance for pool shots.";
				INFOPLIST_KEY_NSCameraUsageDescription = "This app uses the camera to detect cue balls in AR mode.";
				INFOPLIST_KEY_UIApplicationSupportsIndirectInputEvents = YES;
				INFOPLIST_KEY_UILaunchStoryboardName = LaunchScreen;
				INFOPLIST_KEY_UIRequiredDeviceCapabilities = arkit;
				INFOPLIST_KEY_UISupportedInterfaceOrientations = UIInterfaceOrientationPortrait;
				INFOPLIST_KEY_UISupportedInterfaceOrientations_iPad = "UIInterfaceOrientationLandscapeLeft UIInterfaceOrientationLandscapeRight UIInterfaceOrientationPortrait UIInterfaceOrientationPortraitUpsideDown";
				IPHONEOS_DEPLOYMENT_TARGET = 17.0;
				LD_RUNPATH_SEARCH_PATHS = (
					"$(inherited)",
					"@executable_path/Frameworks",
				);
				MARKETING_VERSION = 1.0;
				PRODUCT_BUNDLE_IDENTIFIER = com.imentos.CueDot;
				PRODUCT_NAME = "$(TARGET_NAME)";
				SWIFT_EMIT_LOC_STRINGS = YES;
				SWIFT_VERSION = 5.0;
				TARGETED_DEVICE_FAMILY = "1,2";
			};
			name = Debug;
		};
		3D1234567890ABC6 /* Release */ = {
			isa = XCBuildConfiguration;
			buildSettings = {
				ASSETCATALOG_COMPILER_APPICON_NAME = AppIcon;
				ASSETCATALOG_COMPILER_GLOBAL_ACCENT_COLOR_NAME = AccentColor;
				CODE_SIGN_STYLE = Automatic;
				CURRENT_PROJECT_VERSION = 1;
				DEVELOPMENT_TEAM = "";
				GENERATE_INFOPLIST_FILE = YES;
				INFOPLIST_FILE = CueDot/Info.plist;
				INFOPLIST_KEY_NSArKitUsageDescription = "This app uses AR to detect cue balls and provide alignment assistance for pool shots.";
				INFOPLIST_KEY_NSCameraUsageDescription = "This app uses the camera to detect cue balls in AR mode.";
				INFOPLIST_KEY_UIApplicationSupportsIndirectInputEvents = YES;
				INFOPLIST_KEY_UILaunchStoryboardName = LaunchScreen;
				INFOPLIST_KEY_UIRequiredDeviceCapabilities = arkit;
				INFOPLIST_KEY_UISupportedInterfaceOrientations = UIInterfaceOrientationPortrait;
				INFOPLIST_KEY_UISupportedInterfaceOrientations_iPad = "UIInterfaceOrientationLandscapeLeft UIInterfaceOrientationLandscapeRight UIInterfaceOrientationPortrait UIInterfaceOrientationPortraitUpsideDown";
				IPHONEOS_DEPLOYMENT_TARGET = 17.0;
				LD_RUNPATH_SEARCH_PATHS = (
					"$(inherited)",
					"@executable_path/Frameworks",
				);
				MARKETING_VERSION = 1.0;
				PRODUCT_BUNDLE_IDENTIFIER = com.imentos.CueDot;
				PRODUCT_NAME = "$(TARGET_NAME)";
				SWIFT_EMIT_LOC_STRINGS = YES;
				SWIFT_VERSION = 5.0;
				TARGETED_DEVICE_FAMILY = "1,2";
			};
			name = Release;
		};
		3D1234567890ABD3 /* Debug */ = {
			isa = XCBuildConfiguration;
			buildSettings = {
				ALWAYS_EMBED_SWIFT_STANDARD_LIBRARIES = YES;
				BUNDLE_LOADER = "$(TEST_HOST)";
				CODE_SIGN_STYLE = Automatic;
				CURRENT_PROJECT_VERSION = 1;
				DEVELOPMENT_TEAM = "";
				GENERATE_INFOPLIST_FILE = YES;
				IPHONEOS_DEPLOYMENT_TARGET = 17.0;
				MARKETING_VERSION = 1.0;
				PRODUCT_BUNDLE_IDENTIFIER = com.imentos.CueDotTests;
				PRODUCT_NAME = "$(TARGET_NAME)";
				SWIFT_EMIT_LOC_STRINGS = NO;
				SWIFT_VERSION = 5.0;
				TARGETED_DEVICE_FAMILY = "1,2";
				TEST_HOST = "$(BUILT_PRODUCTS_DIR)/CueDot.app/$(BUNDLE_EXECUTABLE_FOLDER_PATH)/CueDot";
			};
			name = Debug;
		};
		3D1234567890ABD4 /* Release */ = {
			isa = XCBuildConfiguration;
			buildSettings = {
				ALWAYS_EMBED_SWIFT_STANDARD_LIBRARIES = YES;
				BUNDLE_LOADER = "$(TEST_HOST)";
				CODE_SIGN_STYLE = Automatic;
				CURRENT_PROJECT_VERSION = 1;
				DEVELOPMENT_TEAM = "";
				GENERATE_INFOPLIST_FILE = YES;
				IPHONEOS_DEPLOYMENT_TARGET = 17.0;
				MARKETING_VERSION = 1.0;
				PRODUCT_BUNDLE_IDENTIFIER = com.imentos.CueDotTests;
				PRODUCT_NAME = "$(TARGET_NAME)";
				SWIFT_EMIT_LOC_STRINGS = NO;
				SWIFT_VERSION = 5.0;
				TARGETED_DEVICE_FAMILY = "1,2";
				TEST_HOST = "$(BUILT_PRODUCTS_DIR)/CueDot.app/$(BUNDLE_EXECUTABLE_FOLDER_PATH)/CueDot";
			};
			name = Release;
		};
/* End XCBuildConfiguration section */

/* Begin XCConfigurationList section */
		3D1234567890ABC4 /* Build configuration list for PBXProject "CueDot" */ = {
			isa = XCConfigurationList;
			buildConfigurations = (
				3D1234567890ABC2 /* Debug */,
				3D1234567890ABC3 /* Release */,
			);
			defaultConfigurationIsVisible = 0;
			defaultConfigurationName = Release;
		};
		3D1234567890ABD3 /* Build configuration list for PBXNativeTarget "CueDot" */ = {
			isa = XCConfigurationList;
			buildConfigurations = (
				3D1234567890ABC5 /* Debug */,
				3D1234567890ABC6 /* Release */,
			);
			defaultConfigurationIsVisible = 0;
			defaultConfigurationName = Release;
		};
		3D1234567890ABD6 /* Build configuration list for PBXNativeTarget "CueDotTests" */ = {
			isa = XCConfigurationList;
			buildConfigurations = (
				3D1234567890ABD3 /* Debug */,
				3D1234567890ABD4 /* Release */,
			);
			defaultConfigurationIsVisible = 0;
			defaultConfigurationName = Release;
		};
/* End XCConfigurationList section */
	};
	rootObject = 3D1234567890ABC1 /* Project object */;
}